// !$*UTF8*$!
{
	archiveVersion = 1;
	classes = {
	};
	objectVersion = 50;
	objects = {

/* Begin PBXBuildFile section */
		C49DFF072640FED500CDFC14 /* AppDelegate.swift in Sources */ = {isa = PBXBuildFile; fileRef = C49DFF062640FED500CDFC14 /* AppDelegate.swift */; };
		C49DFF092640FED500CDFC14 /* SceneDelegate.swift in Sources */ = {isa = PBXBuildFile; fileRef = C49DFF082640FED500CDFC14 /* SceneDelegate.swift */; };
		C49DFF0B2640FED500CDFC14 /* ViewController.swift in Sources */ = {isa = PBXBuildFile; fileRef = C49DFF0A2640FED500CDFC14 /* ViewController.swift */; };
		C49DFF0E2640FED500CDFC14 /* Main.storyboard in Resources */ = {isa = PBXBuildFile; fileRef = C49DFF0C2640FED500CDFC14 /* Main.storyboard */; };
		C49DFF102640FED600CDFC14 /* Assets.xcassets in Resources */ = {isa = PBXBuildFile; fileRef = C49DFF0F2640FED600CDFC14 /* Assets.xcassets */; };
		C49DFF132640FED600CDFC14 /* LaunchScreen.storyboard in Resources */ = {isa = PBXBuildFile; fileRef = C49DFF112640FED600CDFC14 /* LaunchScreen.storyboard */; };
/* End PBXBuildFile section */

/* Begin PBXFileReference section */
		C49DFF032640FED500CDFC14 /* lightcolor.app */ = {isa = PBXFileReference; explicitFileType = wrapper.application; includeInIndex = 0; path = lightcolor.app; sourceTree = BUILT_PRODUCTS_DIR; };
		C49DFF062640FED500CDFC14 /* AppDelegate.swift */ = {isa = PBXFileReference; lastKnownFileType = sourcecode.swift; path = AppDelegate.swift; sourceTree = "<group>"; };
		C49DFF082640FED500CDFC14 /* SceneDelegate.swift */ = {isa = PBXFileReference; lastKnownFileType = sourcecode.swift; path = SceneDelegate.swift; sourceTree = "<group>"; };
		C49DFF0A2640FED500CDFC14 /* ViewController.swift */ = {isa = PBXFileReference; lastKnownFileType = sourcecode.swift; path = ViewController.swift; sourceTree = "<group>"; };
		C49DFF0D2640FED500CDFC14 /* Base */ = {isa = PBXFileReference; lastKnownFileType = file.storyboard; name = Base; path = Base.lproj/Main.storyboard; sourceTree = "<group>"; };
		C49DFF0F2640FED600CDFC14 /* Assets.xcassets */ = {isa = PBXFileReference; lastKnownFileType = folder.assetcatalog; path = Assets.xcassets; sourceTree = "<group>"; };
		C49DFF122640FED600CDFC14 /* Base */ = {isa = PBXFileReference; lastKnownFileType = file.storyboard; name = Base; path = Base.lproj/LaunchScreen.storyboard; sourceTree = "<group>"; };
		C49DFF142640FED600CDFC14 /* Info.plist */ = {isa = PBXFileReference; lastKnownFileType = text.plist.xml; path = Info.plist; sourceTree = "<group>"; };
/* End PBXFileReference section */

/* Begin PBXFrameworksBuildPhase section */
		C49DFF002640FED500CDFC14 /* Frameworks */ = {
			isa = PBXFrameworksBuildPhase;
			buildActionMask = 2147483647;
			files = (
			);
			runOnlyForDeploymentPostprocessing = 0;
		};
/* End PBXFrameworksBuildPhase section */

/* Begin PBXGroup section */
		C49DFEFA2640FED500CDFC14 = {
			isa = PBXGroup;
			children = (
				C49DFF052640FED500CDFC14 /* lightcolor */,
				C49DFF042640FED500CDFC14 /* Products */,
			);
			sourceTree = "<group>";
		};
		C49DFF042640FED500CDFC14 /* Products */ = {
			isa = PBXGroup;
			children = (
				C49DFF032640FED500CDFC14 /* lightcolor.app */,
			);
			name = Products;
			sourceTree = "<group>";
		};
		C49DFF052640FED500CDFC14 /* lightcolor */ = {
			isa = PBXGroup;
			children = (
				C49DFF062640FED500CDFC14 /* AppDelegate.swift */,
				C49DFF082640FED500CDFC14 /* SceneDelegate.swift */,
				C49DFF0A2640FED500CDFC14 /* ViewController.swift */,
				C49DFF0C2640FED500CDFC14 /* Main.storyboard */,
				C49DFF0F2640FED600CDFC14 /* Assets.xcassets */,
				C49DFF112640FED600CDFC14 /* LaunchScreen.storyboard */,
				C49DFF142640FED600CDFC14 /* Info.plist */,
			);
			path = lightcolor;
			sourceTree = "<group>";
		};
/* End PBXGroup section */

/* Begin PBXNativeTarget section */
		C49DFF022640FED500CDFC14 /* lightcolor */ = {
			isa = PBXNativeTarget;
			buildConfigurationList = C49DFF172640FED600CDFC14 /* Build configuration list for PBXNativeTarget "lightcolor" */;
			buildPhases = (
				C49DFEFF2640FED500CDFC14 /* Sources */,
				C49DFF002640FED500CDFC14 /* Frameworks */,
				C49DFF012640FED500CDFC14 /* Resources */,
			);
			buildRules = (
			);
			dependencies = (
			);
			name = lightcolor;
			productName = lightcolor;
			productReference = C49DFF032640FED500CDFC14 /* lightcolor.app */;
			productType = "com.apple.product-type.application";
		};
/* End PBXNativeTarget section */

/* Begin PBXProject section */
		C49DFEFB2640FED500CDFC14 /* Project object */ = {
			isa = PBXProject;
			attributes = {
				LastSwiftUpdateCheck = 1250;
				LastUpgradeCheck = 1250;
				TargetAttributes = {
					C49DFF022640FED500CDFC14 = {
						CreatedOnToolsVersion = 12.5;
					};
				};
			};
			buildConfigurationList = C49DFEFE2640FED500CDFC14 /* Build configuration list for PBXProject "lightcolor" */;
			compatibilityVersion = "Xcode 9.3";
			developmentRegion = en;
			hasScannedForEncodings = 0;
			knownRegions = (
				en,
				Base,
			);
			mainGroup = C49DFEFA2640FED500CDFC14;
			productRefGroup = C49DFF042640FED500CDFC14 /* Products */;
			projectDirPath = "";
			projectRoot = "";
			targets = (
				C49DFF022640FED500CDFC14 /* lightcolor */,
			);
		};
/* End PBXProject section */

/* Begin PBXResourcesBuildPhase section */
		C49DFF012640FED500CDFC14 /* Resources */ = {
			isa = PBXResourcesBuildPhase;
			buildActionMask = 2147483647;
			files = (
				C49DFF132640FED600CDFC14 /* LaunchScreen.storyboard in Resources */,
				C49DFF102640FED600CDFC14 /* Assets.xcassets in Resources */,
				C49DFF0E2640FED500CDFC14 /* Main.storyboard in Resources */,
			);
			runOnlyForDeploymentPostprocessing = 0;
		};
/* End PBXResourcesBuildPhase section */

/* Begin PBXSourcesBuildPhase section */
		C49DFEFF2640FED500CDFC14 /* Sources */ = {
			isa = PBXSourcesBuildPhase;
			buildActionMask = 2147483647;
			files = (
				C49DFF0B2640FED500CDFC14 /* ViewController.swift in Sources */,
				C49DFF072640FED500CDFC14 /* AppDelegate.swift in Sources */,
				C49DFF092640FED500CDFC14 /* SceneDelegate.swift in Sources */,
			);
			runOnlyForDeploymentPostprocessing = 0;
		};
/* End PBXSourcesBuildPhase section */

/* Begin PBXVariantGroup section */
		C49DFF0C2640FED500CDFC14 /* Main.storyboard */ = {
			isa = PBXVariantGroup;
			children = (
				C49DFF0D2640FED500CDFC14 /* Base */,
			);
			name = Main.storyboard;
			sourceTree = "<group>";
		};
		C49DFF112640FED600CDFC14 /* LaunchScreen.storyboard */ = {
			isa = PBXVariantGroup;
			children = (
				C49DFF122640FED600CDFC14 /* Base */,
			);
			name = LaunchScreen.storyboard;
			sourceTree = "<group>";
		};
/* End PBXVariantGroup section */

/* Begin XCBuildConfiguration section */
		C49DFF152640FED600CDFC14 /* Debug */ = {
			isa = XCBuildConfiguration;
			buildSettings = {
				ALWAYS_SEARCH_USER_PATHS = NO;
				CLANG_ANALYZER_NONNULL = YES;
				CLANG_ANALYZER_NUMBER_OBJECT_CONVERSION = YES_AGGRESSIVE;
				CLANG_CXX_LANGUAGE_STANDARD = "gnu++14";
				CLANG_CXX_LIBRARY = "libc++";
				CLANG_ENABLE_MODULES = YES;
				CLANG_ENABLE_OBJC_ARC = YES;
				CLANG_ENABLE_OBJC_WEAK = YES;
				CLANG_WARN_BLOCK_CAPTURE_AUTORELEASING = YES;
				CLANG_WARN_BOOL_CONVERSION = YES;
				CLANG_WARN_COMMA = YES;
				CLANG_WARN_CONSTANT_CONVERSION = YES;
				CLANG_WARN_DEPRECATED_OBJC_IMPLEMENTATIONS = YES;
				CLANG_WARN_DIRECT_OBJC_ISA_USAGE = YES_ERROR;
				CLANG_WARN_DOCUMENTATION_COMMENTS = YES;
				CLANG_WARN_EMPTY_BODY = YES;
				CLANG_WARN_ENUM_CONVERSION = YES;
				CLANG_WARN_INFINITE_RECURSION = YES;
				CLANG_WARN_INT_CONVERSION = YES;
				CLANG_WARN_NON_LITERAL_NULL_CONVERSION = YES;
				CLANG_WARN_OBJC_IMPLICIT_RETAIN_SELF = YES;
				CLANG_WARN_OBJC_LITERAL_CONVERSION = YES;
				CLANG_WARN_OBJC_ROOT_CLASS = YES_ERROR;
				CLANG_WARN_QUOTED_INCLUDE_IN_FRAMEWORK_HEADER = YES;
				CLANG_WARN_RANGE_LOOP_ANALYSIS = YES;
				CLANG_WARN_STRICT_PROTOTYPES = YES;
				CLANG_WARN_SUSPICIOUS_MOVE = YES;
				CLANG_WARN_UNGUARDED_AVAILABILITY = YES_AGGRESSIVE;
				CLANG_WARN_UNREACHABLE_CODE = YES;
				CLANG_WARN__DUPLICATE_METHOD_MATCH = YES;
				COPY_PHASE_STRIP = NO;
				DEBUG_INFORMATION_FORMAT = dwarf;
				ENABLE_STRICT_OBJC_MSGSEND = YES;
				ENABLE_TESTABILITY = YES;
				GCC_C_LANGUAGE_STANDARD = gnu11;
				GCC_DYNAMIC_NO_PIC = NO;
				GCC_NO_COMMON_BLOCKS = YES;
				GCC_OPTIMIZATION_LEVEL = 0;
				GCC_PREPROCESSOR_DEFINITIONS = (
					"DEBUG=1",
					"$(inherited)",
				);
				GCC_WARN_64_TO_32_BIT_CONVERSION = YES;
				GCC_WARN_ABOUT_RETURN_TYPE = YES_ERROR;
				GCC_WARN_UNDECLARED_SELECTOR = YES;
				GCC_WARN_UNINITIALIZED_AUTOS = YES_AGGRESSIVE;
				GCC_WARN_UNUSED_FUNCTION = YES;
				GCC_WARN_UNUSED_VARIABLE = YES;
				IPHONEOS_DEPLOYMENT_TARGET = 14.5;
				MTL_ENABLE_DEBUG_INFO = INCLUDE_SOURCE;
				MTL_FAST_MATH = YES;
				ONLY_ACTIVE_ARCH = YES;
				SDKROOT = iphoneos;
				SWIFT_ACTIVE_COMPILATION_CONDITIONS = DEBUG;
				SWIFT_OPTIMIZATION_LEVEL = "-Onone";
			};
			name = Debug;
		};
		C49DFF162640FED600CDFC14 /* Release */ = {
			isa = XCBuildConfiguration;
			buildSettings = {
				ALWAYS_SEARCH_USER_PATHS = NO;
				CLANG_ANALYZER_NONNULL = YES;
				CLANG_ANALYZER_NUMBER_OBJECT_CONVERSION = YES_AGGRESSIVE;
				CLANG_CXX_LANGUAGE_STANDARD = "gnu++14";
				CLANG_CXX_LIBRARY = "libc++";
				CLANG_ENABLE_MODULES = YES;
				CLANG_ENABLE_OBJC_ARC = YES;
				CLANG_ENABLE_OBJC_WEAK = YES;
				CLANG_WARN_BLOCK_CAPTURE_AUTORELEASING = YES;
				CLANG_WARN_BOOL_CONVERSION = YES;
				CLANG_WARN_COMMA = YES;
				CLANG_WARN_CONSTANT_CONVERSION = YES;
				CLANG_WARN_DEPRECATED_OBJC_IMPLEMENTATIONS = YES;
				CLANG_WARN_DIRECT_OBJC_ISA_USAGE = YES_ERROR;
				CLANG_WARN_DOCUMENTATION_COMMENTS = YES;
				CLANG_WARN_EMPTY_BODY = YES;
				CLANG_WARN_ENUM_CONVERSION = YES;
				CLANG_WARN_INFINITE_RECURSION = YES;
				CLANG_WARN_INT_CONVERSION = YES;
				CLANG_WARN_NON_LITERAL_NULL_CONVERSION = YES;
				CLANG_WARN_OBJC_IMPLICIT_RETAIN_SELF = YES;
				CLANG_WARN_OBJC_LITERAL_CONVERSION = YES;
				CLANG_WARN_OBJC_ROOT_CLASS = YES_ERROR;
				CLANG_WARN_QUOTED_INCLUDE_IN_FRAMEWORK_HEADER = YES;
				CLANG_WARN_RANGE_LOOP_ANALYSIS = YES;
				CLANG_WARN_STRICT_PROTOTYPES = YES;
				CLANG_WARN_SUSPICIOUS_MOVE = YES;
				CLANG_WARN_UNGUARDED_AVAILABILITY = YES_AGGRESSIVE;
				CLANG_WARN_UNREACHABLE_CODE = YES;
				CLANG_WARN__DUPLICATE_METHOD_MATCH = YES;
				COPY_PHASE_STRIP = NO;
				DEBUG_INFORMATION_FORMAT = "dwarf-with-dsym";
				ENABLE_NS_ASSERTIONS = NO;
				ENABLE_STRICT_OBJC_MSGSEND = YES;
				GCC_C_LANGUAGE_STANDARD = gnu11;
				GCC_NO_COMMON_BLOCKS = YES;
				GCC_WARN_64_TO_32_BIT_CONVERSION = YES;
				GCC_WARN_ABOUT_RETURN_TYPE = YES_ERROR;
				GCC_WARN_UNDECLARED_SELECTOR = YES;
				GCC_WARN_UNINITIALIZED_AUTOS = YES_AGGRESSIVE;
				GCC_WARN_UNUSED_FUNCTION = YES;
				GCC_WARN_UNUSED_VARIABLE = YES;
				IPHONEOS_DEPLOYMENT_TARGET = 14.5;
				MTL_ENABLE_DEBUG_INFO = NO;
				MTL_FAST_MATH = YES;
				SDKROOT = iphoneos;
				SWIFT_COMPILATION_MODE = wholemodule;
				SWIFT_OPTIMIZATION_LEVEL = "-O";
				VALIDATE_PRODUCT = YES;
			};
			name = Release;
		};
		C49DFF182640FED600CDFC14 /* Debug */ = {
			isa = XCBuildConfiguration;
			buildSettings = {
				ASSETCATALOG_COMPILER_APPICON_NAME = AppIcon;
				ASSETCATALOG_COMPILER_GLOBAL_ACCENT_COLOR_NAME = AccentColor;
				CODE_SIGN_STYLE = Automatic;
				DEVELOPMENT_TEAM = 9V3TAVF7A9;
				INFOPLIST_FILE = lightcolor/Info.plist;
				LD_RUNPATH_SEARCH_PATHS = (
					"$(inherited)",
					"@executable_path/Frameworks",
				);
				PRODUCT_BUNDLE_IDENTIFIER = app8bob.lightcolor;
				PRODUCT_NAME = "$(TARGET_NAME)";
				SWIFT_VERSION = 5.0;
				TARGETED_DEVICE_FAMILY = "1,2";
			};
			name = Debug;
		};
		C49DFF192640FED600CDFC14 /* Release */ = {
			isa = XCBuildConfiguration;
			buildSettings = {
				ASSETCATALOG_COMPILER_APPICON_NAME = AppIcon;
				ASSETCATALOG_COMPILER_GLOBAL_ACCENT_COLOR_NAME = AccentColor;
				CODE_SIGN_STYLE = Automatic;
				DEVELOPMENT_TEAM = 9V3TAVF7A9;
				INFOPLIST_FILE = lightcolor/Info.plist;
				LD_RUNPATH_SEARCH_PATHS = (
					"$(inherited)",
					"@executable_path/Frameworks",
				);
				PRODUCT_BUNDLE_IDENTIFIER = app8bob.lightcolor;
				PRODUCT_NAME = "$(TARGET_NAME)";
				SWIFT_VERSION = 5.0;
				TARGETED_DEVICE_FAMILY = "1,2";
			};
			name = Release;
		};
/* End XCBuildConfiguration section */

/* Begin XCConfigurationList section */
		C49DFEFE2640FED500CDFC14 /* Build configuration list for PBXProject "lightcolor" */ = {
			isa = XCConfigurationList;
			buildConfigurations = (
				C49DFF152640FED600CDFC14 /* Debug */,
				C49DFF162640FED600CDFC14 /* Release */,
			);
			defaultConfigurationIsVisible = 0;
			defaultConfigurationName = Release;
		};
		C49DFF172640FED600CDFC14 /* Build configuration list for PBXNativeTarget "lightcolor" */ = {
			isa = XCConfigurationList;
			buildConfigurations = (
				C49DFF182640FED600CDFC14 /* Debug */,
				C49DFF192640FED600CDFC14 /* Release */,
			);
			defaultConfigurationIsVisible = 0;
			defaultConfigurationName = Release;
		};
/* End XCConfigurationList section */
	};
	rootObject = C49DFEFB2640FED500CDFC14 /* Project object */;
}
